
Microsoft Visual Studio Solution File, Format Version 12.00
# Visual Studio Version 16
VisualStudioVersion = 16.0.29505.145
MinimumVisualStudioVersion = 10.0.40219.1
Project("{FAE04EC0-301F-11D3-BF4B-00C04F79EFBC}") = "DesktopWeeabo2", "src\DesktopWeeabo2\DesktopWeeabo2.csproj", "{5DC37EBE-CE3D-4B74-8BF2-282CE30B4271}"
EndProject
Project("{FAE04EC0-301F-11D3-BF4B-00C04F79EFBC}") = "DesktopWeeabo2.Core", "src\DesktopWeeabo2.Core\DesktopWeeabo2.Core.csproj", "{32B83BF2-587F-4E92-85CD-592125AAA711}"
EndProject
Project("{FAE04EC0-301F-11D3-BF4B-00C04F79EFBC}") = "DesktopWeeabo2.Infrastructure", "src\DesktopWeeabo2.Infrastructure\DesktopWeeabo2.Infrastructure.csproj", "{7F7DA475-2E03-4BF0-A781-7E6A7BF26F80}"
EndProject
Project("{2150E333-8FDC-42A3-9474-1A3956D46DE8}") = "src", "src", "{C50032AA-CF6A-4591-B36B-70D458ABD492}"
EndProject
Project("{FAE04EC0-301F-11D3-BF4B-00C04F79EFBC}") = "DesktopWeeabo2.Infrastructure.Tests", "tests\DesktopWeeabo2.Infrastructure.Tests\DesktopWeeabo2.Infrastructure.Tests.csproj", "{8447F359-418C-41A5-9794-6689642367B2}"
EndProject
Project("{2150E333-8FDC-42A3-9474-1A3956D46DE8}") = "tests", "tests", "{733F9A71-D644-49E5-9193-D6074CA58845}"
EndProject
Global
	GlobalSection(SolutionConfigurationPlatforms) = preSolution
		Debug|Any CPU = Debug|Any CPU
		Release|Any CPU = Release|Any CPU
	EndGlobalSection
	GlobalSection(ProjectConfigurationPlatforms) = postSolution
		{5DC37EBE-CE3D-4B74-8BF2-282CE30B4271}.Debug|Any CPU.ActiveCfg = Debug|Any CPU
		{5DC37EBE-CE3D-4B74-8BF2-282CE30B4271}.Debug|Any CPU.Build.0 = Debug|Any CPU
		{5DC37EBE-CE3D-4B74-8BF2-282CE30B4271}.Release|Any CPU.ActiveCfg = Release|Any CPU
		{5DC37EBE-CE3D-4B74-8BF2-282CE30B4271}.Release|Any CPU.Build.0 = Release|Any CPU
		{32B83BF2-587F-4E92-85CD-592125AAA711}.Debug|Any CPU.ActiveCfg = Debug|Any CPU
		{32B83BF2-587F-4E92-85CD-592125AAA711}.Debug|Any CPU.Build.0 = Debug|Any CPU
		{32B83BF2-587F-4E92-85CD-592125AAA711}.Release|Any CPU.ActiveCfg = Release|Any CPU
		{32B83BF2-587F-4E92-85CD-592125AAA711}.Release|Any CPU.Build.0 = Release|Any CPU
		{7F7DA475-2E03-4BF0-A781-7E6A7BF26F80}.Debug|Any CPU.ActiveCfg = Debug|Any CPU
		{7F7DA475-2E03-4BF0-A781-7E6A7BF26F80}.Debug|Any CPU.Build.0 = Debug|Any CPU
		{7F7DA475-2E03-4BF0-A781-7E6A7BF26F80}.Release|Any CPU.ActiveCfg = Release|Any CPU
		{7F7DA475-2E03-4BF0-A781-7E6A7BF26F80}.Release|Any CPU.Build.0 = Release|Any CPU
		{8447F359-418C-41A5-9794-6689642367B2}.Debug|Any CPU.ActiveCfg = Debug|Any CPU
		{8447F359-418C-41A5-9794-6689642367B2}.Debug|Any CPU.Build.0 = Debug|Any CPU
		{8447F359-418C-41A5-9794-6689642367B2}.Release|Any CPU.ActiveCfg = Release|Any CPU
		{8447F359-418C-41A5-9794-6689642367B2}.Release|Any CPU.Build.0 = Release|Any CPU
	EndGlobalSection
	GlobalSection(SolutionProperties) = preSolution
		HideSolutionNode = FALSE
	EndGlobalSection
	GlobalSection(NestedProjects) = preSolution
		{5DC37EBE-CE3D-4B74-8BF2-282CE30B4271} = {C50032AA-CF6A-4591-B36B-70D458ABD492}
		{32B83BF2-587F-4E92-85CD-592125AAA711} = {C50032AA-CF6A-4591-B36B-70D458ABD492}
		{7F7DA475-2E03-4BF0-A781-7E6A7BF26F80} = {C50032AA-CF6A-4591-B36B-70D458ABD492}
		{8447F359-418C-41A5-9794-6689642367B2} = {733F9A71-D644-49E5-9193-D6074CA58845}
	EndGlobalSection
	GlobalSection(ExtensibilityGlobals) = postSolution
		SolutionGuid = {57751BE9-D636-4D92-98F6-682FDB12AC10}
	EndGlobalSection
EndGlobal
